
Microsoft Visual Studio Solution File, Format Version 12.00
# Visual Studio Version 17
VisualStudioVersion = 17.4.33213.308
MinimumVisualStudioVersion = 10.0.40219.1
Project("{FAE04EC0-301F-11D3-BF4B-00C04F79EFBC}") = "eCommerce", "eCommerce\eCommerce.csproj", "{3CCB16A8-82F3-4CF3-9D52-1C7DC62E47DF}"
EndProject
Global
	GlobalSection(SolutionConfigurationPlatforms) = preSolution
		Debug|Any CPU = Debug|Any CPU
		Release|Any CPU = Release|Any CPU
	EndGlobalSection
	GlobalSection(ProjectConfigurationPlatforms) = postSolution
		{3CCB16A8-82F3-4CF3-9D52-1C7DC62E47DF}.Debug|Any CPU.ActiveCfg = Debug|Any CPU
		{3CCB16A8-82F3-4CF3-9D52-1C7DC62E47DF}.Debug|Any CPU.Build.0 = Debug|Any CPU
		{3CCB16A8-82F3-4CF3-9D52-1C7DC62E47DF}.Release|Any CPU.ActiveCfg = Release|Any CPU
		{3CCB16A8-82F3-4CF3-9D52-1C7DC62E47DF}.Release|Any CPU.Build.0 = Release|Any CPU
	EndGlobalSection
	GlobalSection(SolutionProperties) = preSolution
		HideSolutionNode = FALSE
	EndGlobalSection
	GlobalSection(ExtensibilityGlobals) = postSolution
		SolutionGuid = {548CF1D3-EF7E-4E16-B7A0-A5083A2CCC97}
	EndGlobalSection
EndGlobal
