
Microsoft Visual Studio Solution File, Format Version 12.00
# Visual Studio Version 17
VisualStudioVersion = 17.4.33213.308
MinimumVisualStudioVersion = 10.0.40219.1
Project("{9A19103F-16F7-4668-BE54-9A1E7A4F7556}") = "eCommerce", "eCommerce\eCommerce.csproj", "{3CCB16A8-82F3-4CF3-9D52-1C7DC62E47DF}"
EndProject
Project("{54A90642-561A-4BB1-A94E-469ADEE60C69}") = "reactwebapp", "reactwebApp\reactwebapp.esproj", "{A4536171-EF64-44DE-9E65-8931D1A973DB}"
EndProject
Global
	GlobalSection(SolutionConfigurationPlatforms) = preSolution
		Debug|Any CPU = Debug|Any CPU
		Release|Any CPU = Release|Any CPU
	EndGlobalSection
	GlobalSection(ProjectConfigurationPlatforms) = postSolution
		{3CCB16A8-82F3-4CF3-9D52-1C7DC62E47DF}.Debug|Any CPU.ActiveCfg = Debug|Any CPU
		{3CCB16A8-82F3-4CF3-9D52-1C7DC62E47DF}.Debug|Any CPU.Build.0 = Debug|Any CPU
		{3CCB16A8-82F3-4CF3-9D52-1C7DC62E47DF}.Release|Any CPU.ActiveCfg = Release|Any CPU
		{3CCB16A8-82F3-4CF3-9D52-1C7DC62E47DF}.Release|Any CPU.Build.0 = Release|Any CPU
		{A4536171-EF64-44DE-9E65-8931D1A973DB}.Debug|Any CPU.ActiveCfg = Debug|Any CPU
		{A4536171-EF64-44DE-9E65-8931D1A973DB}.Debug|Any CPU.Build.0 = Debug|Any CPU
		{A4536171-EF64-44DE-9E65-8931D1A973DB}.Debug|Any CPU.Deploy.0 = Debug|Any CPU
		{A4536171-EF64-44DE-9E65-8931D1A973DB}.Release|Any CPU.ActiveCfg = Release|Any CPU
		{A4536171-EF64-44DE-9E65-8931D1A973DB}.Release|Any CPU.Build.0 = Release|Any CPU
		{A4536171-EF64-44DE-9E65-8931D1A973DB}.Release|Any CPU.Deploy.0 = Release|Any CPU
	EndGlobalSection
	GlobalSection(SolutionProperties) = preSolution
		HideSolutionNode = FALSE
	EndGlobalSection
	GlobalSection(ExtensibilityGlobals) = postSolution
		SolutionGuid = {548CF1D3-EF7E-4E16-B7A0-A5083A2CCC97}
	EndGlobalSection
EndGlobal
